
Microsoft Visual Studio Solution File, Format Version 12.00
# Visual Studio Version 17
VisualStudioVersion = 17.11.35327.3
MinimumVisualStudioVersion = 10.0.40219.1
Project("{FAE04EC0-301F-11D3-BF4B-00C04F79EFBC}") = "RealProjectWinFormCoures19", "RealProjectWinFormCoures19.csproj", "{66CD18C4-94AE-49A6-8487-70AFC63BE113}"
EndProject
Project("{FAE04EC0-301F-11D3-BF4B-00C04F79EFBC}") = "ContactsDataAccessLayer", "..\ContactsDataAccessLayer\ContactsDataAccessLayer.csproj", "{9479BF08-A540-40CD-B4A3-E52DB44849F4}"
EndProject
Project("{FAE04EC0-301F-11D3-BF4B-00C04F79EFBC}") = "ContactsBusinessLayer", "..\ContactsBusinessLayer\ContactsBusinessLayer.csproj", "{C8D34FD4-4F59-43F2-A1A5-126BE02DF6DB}"
EndProject
Global
	GlobalSection(SolutionConfigurationPlatforms) = preSolution
		Debug|Any CPU = Debug|Any CPU
		Release|Any CPU = Release|Any CPU
	EndGlobalSection
	GlobalSection(ProjectConfigurationPlatforms) = postSolution
		{66CD18C4-94AE-49A6-8487-70AFC63BE113}.Debug|Any CPU.ActiveCfg = Debug|Any CPU
		{66CD18C4-94AE-49A6-8487-70AFC63BE113}.Debug|Any CPU.Build.0 = Debug|Any CPU
		{66CD18C4-94AE-49A6-8487-70AFC63BE113}.Release|Any CPU.ActiveCfg = Release|Any CPU
		{66CD18C4-94AE-49A6-8487-70AFC63BE113}.Release|Any CPU.Build.0 = Release|Any CPU
		{9479BF08-A540-40CD-B4A3-E52DB44849F4}.Debug|Any CPU.ActiveCfg = Debug|Any CPU
		{9479BF08-A540-40CD-B4A3-E52DB44849F4}.Debug|Any CPU.Build.0 = Debug|Any CPU
		{9479BF08-A540-40CD-B4A3-E52DB44849F4}.Release|Any CPU.ActiveCfg = Release|Any CPU
		{9479BF08-A540-40CD-B4A3-E52DB44849F4}.Release|Any CPU.Build.0 = Release|Any CPU
		{C8D34FD4-4F59-43F2-A1A5-126BE02DF6DB}.Debug|Any CPU.ActiveCfg = Debug|Any CPU
		{C8D34FD4-4F59-43F2-A1A5-126BE02DF6DB}.Debug|Any CPU.Build.0 = Debug|Any CPU
		{C8D34FD4-4F59-43F2-A1A5-126BE02DF6DB}.Release|Any CPU.ActiveCfg = Release|Any CPU
		{C8D34FD4-4F59-43F2-A1A5-126BE02DF6DB}.Release|Any CPU.Build.0 = Release|Any CPU
	EndGlobalSection
	GlobalSection(SolutionProperties) = preSolution
		HideSolutionNode = FALSE
	EndGlobalSection
	GlobalSection(ExtensibilityGlobals) = postSolution
		SolutionGuid = {19907EA3-2CA7-4810-A680-76B8C2FF3963}
	EndGlobalSection
EndGlobal
